hash: 3d7ef6f9a17d87ba2c09f6353956fbfb582cd00d4ea3342b7d2e30e1ad8b3992
updated: 2016-10-18T11:26:33.623583237+09:00
imports:
- name: github.com/go-sql-driver/mysql
  version: 0b58b37b664c21f3010e836f1b931e1d0b0b0685
- name: github.com/go-xorm/builder
  version: 1ec771cf39abb481edf666a1447f508113fa72e9
- name: github.com/go-xorm/core
  version: 5bf745d7d163f4380e6c2bba8c4afa60534dd087
- name: github.com/go-xorm/xorm
  version: 539f1099dbafb88e7aff70282ebaf4105f501d12
- name: github.com/golang/glog
  version: 23def4e6c14b4da8ac2ed8007337bc5eb5007998
- name: github.com/labstack/echo
  version: a88c4399d4423daa17158e33f23329b330ca2727
  subpackages:
  - engine/standard
  - context
  - engine
  - log
- name: github.com/labstack/gommon
  version: f3b1a1b3bd4726161e1200863d278df7da5e66ff
  subpackages:
  - log
  - color
- name: github.com/mattn/go-colorable
  version: 6c903ff4aa50920ca86087a280590b36b3152b9c
- name: github.com/mattn/go-isatty
  version: 66b8e73f3f5cda9f96b69efd03dd3d7fc4a5cdb8
- name: github.com/valyala/fasttemplate
  version: 3b874956e03f1636d171bda64b130f9135f42cff
- name: golang.org/x/net
  version: 8b4af36cd21a1f85a7484b49feb7c79363106d8e
  subpackages:
  - context
- name: golang.org/x/sys
  version: 9bb9f0998d48b31547d975974935ae9b48c7a03c
  subpackages:
  - unix
devImports: []
