hash: 10df28133ac441c01daa3a50c2e12f3d3860fab898f0388f6aa4b32cc7b9eb5c
updated: 2016-10-20T17:18:51.480657868+09:00
imports:
- name: github.com/garyburd/redigo
  version: ffa8d46ada782d81cfda81a0fbd9f45ceae448e8
  subpackages:
  - redis
- name: github.com/go-sql-driver/mysql
  version: 127a48c554cd8f89377af10729d13b314e084ea5
- name: github.com/go-xorm/builder
  version: 4b36d792f2a6cb00de962eeeb19d82bb54c1e4a4
- name: github.com/go-xorm/core
  version: 5bf745d7d163f4380e6c2bba8c4afa60534dd087
- name: github.com/go-xorm/xorm
  version: 5293f702b97cded99962359d01fbbb4cad481fbc
- name: github.com/golang/glog
  version: 23def4e6c14b4da8ac2ed8007337bc5eb5007998
devImports: []
