hash: 4931417b509ecf7d2f034128174cc6c246e0fda1cdfa648b0e068f2e5df73d3f
updated: 2016-10-21T13:15:52.971516486+09:00
imports:
- name: github.com/go-sql-driver/mysql
  version: dbc3fe23a4aced10a53834106e288b155d17e2ee
- name: github.com/go-xorm/builder
  version: 4b36d792f2a6cb00de962eeeb19d82bb54c1e4a4
- name: github.com/go-xorm/core
  version: 5bf745d7d163f4380e6c2bba8c4afa60534dd087
- name: github.com/go-xorm/xorm
  version: 5293f702b97cded99962359d01fbbb4cad481fbc
- name: github.com/golang/glog
  version: 23def4e6c14b4da8ac2ed8007337bc5eb5007998
- name: gopkg.in/bsm/ratelimit.v1
  version: db14e161995a5177acef654cb0dd785e8ee8bc22
- name: gopkg.in/redis.v5
  version: 6f8957c5b7dece15d1ea5f592ec88f46ee2deffa
  subpackages:
  - internal
  - internal/consistenthash
  - internal/hashtag
  - internal/pool
  - internal/proto
devImports: []
