hash: 22b011cc8b02f5f43fa44b0d969b6776d1e98a652484254ab72094967188eaad
updated: 2016-10-21T13:16:25.341704724+09:00
imports:
- name: github.com/labstack/echo
  version: 7899588eff4831c0f07c50b6fe2fef43775715c5
  subpackages:
  - engine/standard
  - context
  - engine
  - log
- name: github.com/labstack/gommon
  version: f3b1a1b3bd4726161e1200863d278df7da5e66ff
  subpackages:
  - log
  - color
- name: github.com/mattn/go-colorable
  version: 6c903ff4aa50920ca86087a280590b36b3152b9c
- name: github.com/mattn/go-isatty
  version: 66b8e73f3f5cda9f96b69efd03dd3d7fc4a5cdb8
- name: github.com/valyala/fasttemplate
  version: 3b874956e03f1636d171bda64b130f9135f42cff
- name: golang.org/x/net
  version: daba796358cd2742b75aae05761f1b898c9f6a5c
  subpackages:
  - context
- name: golang.org/x/sys
  version: 002cbb5f952456d0c50e0d2aff17ea5eca716979
  subpackages:
  - unix
devImports: []
